# THIS IS AN AUTOGENERATED FILE. DO NOT EDIT THIS FILE DIRECTLY.
# yarn lockfile v1


"@types/prop-types@*":
  version "15.7.3"
  resolved "https://registry.yarnpkg.com/@types/prop-types/-/prop-types-15.7.3.tgz#2ab0d5da2e5815f94b0b9d4b95d1e5f243ab2ca7"
  integrity sha512-KfRL3PuHmqQLOG+2tGpRO26Ctg+Cq1E01D2DMriKEATHgWLfeNDmq9e29Q9WIky0dQ3NPkd1mzYH8Lm936Z9qw==

"@types/react-dom@^16.9.7":
  version "16.9.7"
  resolved "https://registry.yarnpkg.com/@types/react-dom/-/react-dom-16.9.7.tgz#60844d48ce252d7b2dccf0c7bb937130e27c0cd2"
  integrity sha512-GHTYhM8/OwUCf254WO5xqR/aqD3gC9kSTLpopWGpQLpnw23jk44RvMHsyUSEplvRJZdHxhJGMMLF0kCPYHPhQA==
  dependencies:
    "@types/react" "*"

"@types/react@*", "@types/react@^16.9.34":
  version "16.9.34"
  resolved "https://registry.yarnpkg.com/@types/react/-/react-16.9.34.tgz#f7d5e331c468f53affed17a8a4d488cd44ea9349"
  integrity sha512-8AJlYMOfPe1KGLKyHpflCg5z46n0b5DbRfqDksxBLBTUpB75ypDBAO9eCUcjNwE6LCUslwTz00yyG/X9gaVtow==
  dependencies:
    "@types/prop-types" "*"
    csstype "^2.2.0"

arg@^4.1.0:
  version "4.1.3"
  resolved "https://registry.yarnpkg.com/arg/-/arg-4.1.3.tgz#269fc7ad5b8e42cb63c896d5666017261c144089"
  integrity sha512-58S9QDqG0Xx27YwPSt9fJxivjYl432YCwfDMfZ+71RAqUrZef7LrKQZ3LHLOwCS4FLNBplP533Zx895SeOCHvA==

buffer-from@^1.0.0:
  version "1.1.1"
  resolved "https://registry.yarnpkg.com/buffer-from/-/buffer-from-1.1.1.tgz#32713bc028f75c02fdb710d7c7bcec1f2c6070ef"
  integrity sha512-MQcXEUbCKtEo7bhqEs6560Hyd4XaovZlO/k9V3hjVUF/zwW7KBVdSK4gIt/bzwS9MbR5qob+F5jusZsb0YQK2A==

csstype@^2.2.0:
  version "2.6.10"
  resolved "https://registry.yarnpkg.com/csstype/-/csstype-2.6.10.tgz#e63af50e66d7c266edb6b32909cfd0aabe03928b"
  integrity sha512-D34BqZU4cIlMCY93rZHbrq9pjTAQJ3U8S8rfBqjwHxkGPThWFjzZDQpgMJY0QViLxth6ZKYiwFBo14RdN44U/w==

diff@^4.0.1:
  version "4.0.2"
  resolved "https://registry.yarnpkg.com/diff/-/diff-4.0.2.tgz#60f3aecb89d5fae520c11aa19efc2bb982aade7d"
  integrity sha512-58lmxKSA4BNyLz+HHMUzlOEpg09FV+ev6ZMe3vJihgdxzgcwZ8VoEEPmALCZG9LmqfVoNMMKpttIYTVG6uDY7A==

fp-ts-contrib@^0.1.15:
  version "0.1.15"
  resolved "https://registry.yarnpkg.com/fp-ts-contrib/-/fp-ts-contrib-0.1.15.tgz#3b7225f7143f49b4a7719fa59bb9f04ff45bf634"
  integrity sha512-aSuDUJAHN3QBlDf8PJ8M62l7mdUNeOWTGFFuIrK+A7tCLejGU43dDj2FM0c5dmz8CV/GXsRU3XPWCzaL5uIyvA==

fp-ts@^2.5.4:
  version "2.5.4"
  resolved "https://registry.yarnpkg.com/fp-ts/-/fp-ts-2.5.4.tgz#f184079aaa78403ea66458517be7787e0d593429"
  integrity sha512-cZlLeEneRYypc2dOzB9h8+bd9mQhJVyt2g0Dny2gKR7uWNgA4EmLSJyguLYsTU44nJSSG9EjurUalEc0wQqeKw==

"js-tokens@^3.0.0 || ^4.0.0":
  version "4.0.0"
  resolved "https://registry.yarnpkg.com/js-tokens/-/js-tokens-4.0.0.tgz#19203fb59991df98e3a287050d4647cdeaf32499"
  integrity sha512-RdJUflcE3cUzKiMqQgsCu06FPu9UdIJO0beYbPhHN4k6apgJtifcoCtT9bcxOpYBtpD2kCM6Sbzg4CausW/PKQ==

loose-envify@^1.1.0, loose-envify@^1.4.0:
  version "1.4.0"
  resolved "https://registry.yarnpkg.com/loose-envify/-/loose-envify-1.4.0.tgz#71ee51fa7be4caec1a63839f7e682d8132d30caf"
  integrity sha512-lyuxPGr/Wfhrlem2CL/UcnUc1zcqKAImBDzukY7Y5F/yQiNdko6+fRLevlw1HgMySw7f611UIY408EtxRSoK3Q==
  dependencies:
    js-tokens "^3.0.0 || ^4.0.0"

make-error@^1.1.1:
  version "1.3.6"
  resolved "https://registry.yarnpkg.com/make-error/-/make-error-1.3.6.tgz#2eb2e37ea9b67c4891f684a1394799af484cf7a2"
  integrity sha512-s8UhlNe7vPKomQhC1qFelMokr/Sc3AgNbso3n74mVPA5LTZwkB9NlXf4XPamLxJE8h0gh73rM94xvwRT2CVInw==

monocle-ts@^2.1.0:
  version "2.1.0"
  resolved "https://registry.yarnpkg.com/monocle-ts/-/monocle-ts-2.1.0.tgz#5c1bbade7952b57e33f2179866467e87d9ed5977"
  integrity sha512-YWH8TDcZSEeCaxp0ZjgccLChnaDvTiUHILpuI0DSZeASYSCgwdz+h6+uEG4QCwYreGsn1oI18ysrcUPv6xWK7w==

newtype-ts@^0.3.4:
  version "0.3.4"
  resolved "https://registry.yarnpkg.com/newtype-ts/-/newtype-ts-0.3.4.tgz#65c74b7d5195edaa9abfcdba6549a33a5c0e298d"
  integrity sha512-lFJnWAt0oXX1j1ErNy9RU5+FPNtVyzugHW2MchaaMiOeeS9LEmqAAOqyHPFQ0Uw895jStSYGSCslrByzYxFJYQ==

object-assign@^4.1.1:
  version "4.1.1"
  resolved "https://registry.yarnpkg.com/object-assign/-/object-assign-4.1.1.tgz#2109adc7965887cfc05cbbd442cac8bfbb360863"
  integrity sha1-IQmtx5ZYh8/AXLvUQsrIv7s2CGM=

prop-types@^15.6.2:
  version "15.7.2"
  resolved "https://registry.yarnpkg.com/prop-types/-/prop-types-15.7.2.tgz#52c41e75b8c87e72b9d9360e0206b99dcbffa6c5"
  integrity sha512-8QQikdH7//R2vurIJSutZ1smHYTcLpRWEOlHnzcWHmBYrOGUysKwSsrC89BCiFj3CbrfJ/nXFdJepOVrY1GCHQ==
  dependencies:
    loose-envify "^1.4.0"
    object-assign "^4.1.1"
    react-is "^16.8.1"

react-dom@^16.13.1:
  version "16.13.1"
  resolved "https://registry.yarnpkg.com/react-dom/-/react-dom-16.13.1.tgz#c1bd37331a0486c078ee54c4740720993b2e0e7f"
  integrity sha512-81PIMmVLnCNLO/fFOQxdQkvEq/+Hfpv24XNJfpyZhTRfO0QcmQIF/PgCa1zCOj2w1hrn12MFLyaJ/G0+Mxtfag==
  dependencies:
    loose-envify "^1.1.0"
    object-assign "^4.1.1"
    prop-types "^15.6.2"
    scheduler "^0.19.1"

react-is@^16.8.1:
  version "16.13.1"
  resolved "https://registry.yarnpkg.com/react-is/-/react-is-16.13.1.tgz#789729a4dc36de2999dc156dd6c1d9c18cea56a4"
  integrity sha512-24e6ynE2H+OKt4kqsOvNd8kBpV65zoxbA4BVsEOB3ARVWQki/DHzaUoC5KuON/BiccDaCCTZBuOcfZs70kR8bQ==

react@^16.13.1:
  version "16.13.1"
  resolved "https://registry.yarnpkg.com/react/-/react-16.13.1.tgz#2e818822f1a9743122c063d6410d85c1e3afe48e"
  integrity sha512-YMZQQq32xHLX0bz5Mnibv1/LHb3Sqzngu7xstSM+vrkE5Kzr9xE0yMByK5kMoTK30YVJE61WfbxIFFvfeDKT1w==
  dependencies:
    loose-envify "^1.1.0"
    object-assign "^4.1.1"
    prop-types "^15.6.2"

scheduler@^0.19.1:
  version "0.19.1"
  resolved "https://registry.yarnpkg.com/scheduler/-/scheduler-0.19.1.tgz#4f3e2ed2c1a7d65681f4c854fa8c5a1ccb40f196"
  integrity sha512-n/zwRWRYSUj0/3g/otKDRPMh6qv2SYMWNq85IEa8iZyAv8od9zDYpGSnpBEjNgcMNq6Scbu5KfIPxNF72R/2EA==
  dependencies:
    loose-envify "^1.1.0"
    object-assign "^4.1.1"

source-map-support@^0.5.17:
  version "0.5.19"
  resolved "https://registry.yarnpkg.com/source-map-support/-/source-map-support-0.5.19.tgz#a98b62f86dcaf4f67399648c085291ab9e8fed61"
  integrity sha512-Wonm7zOCIJzBGQdB+thsPar0kYuCIzYvxZwlBa87yi/Mdjv7Tip2cyVbLj5o0cFPN4EVkuTwb3GDDyUx2DGnGw==
  dependencies:
    buffer-from "^1.0.0"
    source-map "^0.6.0"

source-map@^0.6.0:
  version "0.6.1"
  resolved "https://registry.yarnpkg.com/source-map/-/source-map-0.6.1.tgz#74722af32e9614e9c287a8d0bbde48b5e2f1a263"
  integrity sha512-UjgapumWlbMhkBgzT7Ykc5YXUT46F0iKu8SGXq0bcwP5dz/h0Plj6enJqjz1Zbq2l5WaqYnrVbwWOWMyF3F47g==

ts-node@^8.9.1:
  version "8.9.1"
  resolved "https://registry.yarnpkg.com/ts-node/-/ts-node-8.9.1.tgz#2f857f46c47e91dcd28a14e052482eb14cfd65a5"
  integrity sha512-yrq6ODsxEFTLz0R3BX2myf0WBCSQh9A+py8PBo1dCzWIOcvisbyH6akNKqDHMgXePF2kir5mm5JXJTH3OUJYOQ==
  dependencies:
    arg "^4.1.0"
    diff "^4.0.1"
    make-error "^1.1.1"
    source-map-support "^0.5.17"
    yn "3.1.1"

typescript@^3.8.3:
  version "3.8.3"
  resolved "https://registry.yarnpkg.com/typescript/-/typescript-3.8.3.tgz#409eb8544ea0335711205869ec458ab109ee1061"
  integrity sha512-MYlEfn5VrLNsgudQTVJeNaQFUAI7DkhnOjdpAp4T+ku1TfQClewlbSuTVHiA+8skNBgaf02TL/kLOvig4y3G8w==

yn@3.1.1:
  version "3.1.1"
  resolved "https://registry.yarnpkg.com/yn/-/yn-3.1.1.tgz#1e87401a09d767c1d5eab26a6e4c185182d2eb50"
  integrity sha512-Ux4ygGWsu2c7isFWe8Yu1YluJmqVhxqK2cLXNQA5AcC3QfbGNpM7fu0Y8b/z16pXLnFxZYvWhd3fhBY9DLmC6Q==
